
Microsoft Visual Studio Solution File, Format Version 12.00
# Visual Studio Version 16
VisualStudioVersion = 16.0.31729.503
MinimumVisualStudioVersion = 10.0.40219.1
Project("{FAE04EC0-301F-11D3-BF4B-00C04F79EFBC}") = "ConsoleUserInterface", "B24 Ex02 Adi 208184093 Raz\ConsoleUserInterface.csproj", "{696A9AD5-0E4C-43FE-9D7B-83F2248B86CA}"
EndProject
Project("{FAE04EC0-301F-11D3-BF4B-00C04F79EFBC}") = "MemoryGame", "MemoryGame\MemoryGame.csproj", "{C145B73A-E129-4581-BD41-6D38BE935582}"
EndProject
Global
	GlobalSection(SolutionConfigurationPlatforms) = preSolution
		Debug|Any CPU = Debug|Any CPU
		Release|Any CPU = Release|Any CPU
	EndGlobalSection
	GlobalSection(ProjectConfigurationPlatforms) = postSolution
		{696A9AD5-0E4C-43FE-9D7B-83F2248B86CA}.Debug|Any CPU.ActiveCfg = Debug|Any CPU
		{696A9AD5-0E4C-43FE-9D7B-83F2248B86CA}.Debug|Any CPU.Build.0 = Debug|Any CPU
		{696A9AD5-0E4C-43FE-9D7B-83F2248B86CA}.Release|Any CPU.ActiveCfg = Release|Any CPU
		{696A9AD5-0E4C-43FE-9D7B-83F2248B86CA}.Release|Any CPU.Build.0 = Release|Any CPU
		{C145B73A-E129-4581-BD41-6D38BE935582}.Debug|Any CPU.ActiveCfg = Debug|Any CPU
		{C145B73A-E129-4581-BD41-6D38BE935582}.Debug|Any CPU.Build.0 = Debug|Any CPU
		{C145B73A-E129-4581-BD41-6D38BE935582}.Release|Any CPU.ActiveCfg = Release|Any CPU
		{C145B73A-E129-4581-BD41-6D38BE935582}.Release|Any CPU.Build.0 = Release|Any CPU
	EndGlobalSection
	GlobalSection(SolutionProperties) = preSolution
		HideSolutionNode = FALSE
	EndGlobalSection
	GlobalSection(ExtensibilityGlobals) = postSolution
		SolutionGuid = {C2E653FC-5BEE-410B-BB78-29619BC586A6}
	EndGlobalSection
EndGlobal
